
Microsoft Visual Studio Solution File, Format Version 12.00
# Visual Studio Version 16
VisualStudioVersion = 16.0.30225.117
MinimumVisualStudioVersion = 10.0.40219.1
Project("{9A19103F-16F7-4668-BE54-9A1E7A4F7556}") = "Titan.Utility", "Titan.Utility\Titan.Utility.csproj", "{6305B66F-98EF-44AB-8D1C-9D20130AC970}"
EndProject
Project("{9A19103F-16F7-4668-BE54-9A1E7A4F7556}") = "Titan.Models", "Titan.Models\Titan.Models.csproj", "{17E766DB-98DE-4904-BCC4-F2E0D4386752}"
EndProject
Project("{9A19103F-16F7-4668-BE54-9A1E7A4F7556}") = "Titan.DataAccess", "Titan.DataAccess\Titan.DataAccess.csproj", "{EA217014-DB58-4B46-91D0-19D74115044F}"
EndProject
Project("{9A19103F-16F7-4668-BE54-9A1E7A4F7556}") = "Titan", "Titan\Titan.csproj", "{2D03AFB1-7E08-4732-BD1C-FE708AB57907}"
EndProject
Global
	GlobalSection(SolutionConfigurationPlatforms) = preSolution
		Debug|Any CPU = Debug|Any CPU
		Release|Any CPU = Release|Any CPU
	EndGlobalSection
	GlobalSection(ProjectConfigurationPlatforms) = postSolution
		{6305B66F-98EF-44AB-8D1C-9D20130AC970}.Debug|Any CPU.ActiveCfg = Debug|Any CPU
		{6305B66F-98EF-44AB-8D1C-9D20130AC970}.Debug|Any CPU.Build.0 = Debug|Any CPU
		{6305B66F-98EF-44AB-8D1C-9D20130AC970}.Release|Any CPU.ActiveCfg = Release|Any CPU
		{6305B66F-98EF-44AB-8D1C-9D20130AC970}.Release|Any CPU.Build.0 = Release|Any CPU
		{17E766DB-98DE-4904-BCC4-F2E0D4386752}.Debug|Any CPU.ActiveCfg = Debug|Any CPU
		{17E766DB-98DE-4904-BCC4-F2E0D4386752}.Debug|Any CPU.Build.0 = Debug|Any CPU
		{17E766DB-98DE-4904-BCC4-F2E0D4386752}.Release|Any CPU.ActiveCfg = Release|Any CPU
		{17E766DB-98DE-4904-BCC4-F2E0D4386752}.Release|Any CPU.Build.0 = Release|Any CPU
		{EA217014-DB58-4B46-91D0-19D74115044F}.Debug|Any CPU.ActiveCfg = Debug|Any CPU
		{EA217014-DB58-4B46-91D0-19D74115044F}.Debug|Any CPU.Build.0 = Debug|Any CPU
		{EA217014-DB58-4B46-91D0-19D74115044F}.Release|Any CPU.ActiveCfg = Release|Any CPU
		{EA217014-DB58-4B46-91D0-19D74115044F}.Release|Any CPU.Build.0 = Release|Any CPU
		{2D03AFB1-7E08-4732-BD1C-FE708AB57907}.Debug|Any CPU.ActiveCfg = Debug|Any CPU
		{2D03AFB1-7E08-4732-BD1C-FE708AB57907}.Debug|Any CPU.Build.0 = Debug|Any CPU
		{2D03AFB1-7E08-4732-BD1C-FE708AB57907}.Release|Any CPU.ActiveCfg = Release|Any CPU
		{2D03AFB1-7E08-4732-BD1C-FE708AB57907}.Release|Any CPU.Build.0 = Release|Any CPU
	EndGlobalSection
	GlobalSection(SolutionProperties) = preSolution
		HideSolutionNode = FALSE
	EndGlobalSection
	GlobalSection(ExtensibilityGlobals) = postSolution
		SolutionGuid = {5497BCDD-6E5A-4CA6-B078-993B58819F78}
	EndGlobalSection
EndGlobal
